
Microsoft Visual Studio Solution File, Format Version 12.00
# Visual Studio Version 16
VisualStudioVersion = 16.0.30114.105
MinimumVisualStudioVersion = 10.0.40219.1
Project("{F2A71F9B-5D33-465A-A702-920D77279786}") = "Extension", "src\Extension.fsproj", "{2294B9FA-6753-4A7A-BB7A-573699754D7C}"
EndProject
Global
	GlobalSection(SolutionConfigurationPlatforms) = preSolution
		Debug|Any CPU = Debug|Any CPU
		Release|Any CPU = Release|Any CPU
	EndGlobalSection
	GlobalSection(SolutionProperties) = preSolution
		HideSolutionNode = FALSE
	EndGlobalSection
	GlobalSection(ProjectConfigurationPlatforms) = postSolution
		{2294B9FA-6753-4A7A-BB7A-573699754D7C}.Debug|Any CPU.ActiveCfg = Debug|Any CPU
		{2294B9FA-6753-4A7A-BB7A-573699754D7C}.Debug|Any CPU.Build.0 = Debug|Any CPU
		{2294B9FA-6753-4A7A-BB7A-573699754D7C}.Release|Any CPU.ActiveCfg = Release|Any CPU
		{2294B9FA-6753-4A7A-BB7A-573699754D7C}.Release|Any CPU.Build.0 = Release|Any CPU
	EndGlobalSection
EndGlobal
